// !$*UTF8*$!
{
	archiveVersion = 1;
	classes = {
	};
	objectVersion = 56;
	objects = {

/* Begin PBXBuildFile section */
		91129AEF2BFCA1440017B846 /* Cart.swift in Sources */ = {isa = PBXBuildFile; fileRef = 91129AEE2BFCA1440017B846 /* Cart.swift */; };
		91129AF12BFD044B0017B846 /* cart.json in Resources */ = {isa = PBXBuildFile; fileRef = 91129AF02BFD044B0017B846 /* cart.json */; };
		91129AF42BFD048A0017B846 /* Lottie in Frameworks */ = {isa = PBXBuildFile; productRef = 91129AF32BFD048A0017B846 /* Lottie */; };
		91129AF62BFD1B1C0017B846 /* CartCollectionView.swift in Sources */ = {isa = PBXBuildFile; fileRef = 91129AF52BFD1B1C0017B846 /* CartCollectionView.swift */; };
		91129AF92BFD1B6F0017B846 /* LottieView.swift in Sources */ = {isa = PBXBuildFile; fileRef = 91129AF82BFD1B6F0017B846 /* LottieView.swift */; };
		911D41812BFA7433009DB60A /* ArbuzCloneApp.swift in Sources */ = {isa = PBXBuildFile; fileRef = 911D41802BFA7433009DB60A /* ArbuzCloneApp.swift */; };
		911D41852BFA7435009DB60A /* Assets.xcassets in Resources */ = {isa = PBXBuildFile; fileRef = 911D41842BFA7435009DB60A /* Assets.xcassets */; };
		911D41882BFA7435009DB60A /* Preview Assets.xcassets in Resources */ = {isa = PBXBuildFile; fileRef = 911D41872BFA7435009DB60A /* Preview Assets.xcassets */; };
		9135DEFC2BFBBED00039F813 /* MainView.swift in Sources */ = {isa = PBXBuildFile; fileRef = 9135DEFB2BFBBED00039F813 /* MainView.swift */; };
		9135DEFE2BFBBEED0039F813 /* HomeView.swift in Sources */ = {isa = PBXBuildFile; fileRef = 9135DEFD2BFBBEED0039F813 /* HomeView.swift */; };
		9135DF012BFBC1730039F813 /* Product.swift in Sources */ = {isa = PBXBuildFile; fileRef = 9135DF002BFBC1730039F813 /* Product.swift */; };
		9135DF0B2BFC962A0039F813 /* ProductCardView.swift in Sources */ = {isa = PBXBuildFile; fileRef = 9135DF0A2BFC962A0039F813 /* ProductCardView.swift */; };
		9135DF0E2BFC96870039F813 /* ProductDetailView.swift in Sources */ = {isa = PBXBuildFile; fileRef = 9135DF0D2BFC96870039F813 /* ProductDetailView.swift */; };
		9135DF102BFC96BB0039F813 /* SearchBar.swift in Sources */ = {isa = PBXBuildFile; fileRef = 9135DF0F2BFC96BB0039F813 /* SearchBar.swift */; };
		9135DF122BFC96DC0039F813 /* HeartButton.swift in Sources */ = {isa = PBXBuildFile; fileRef = 9135DF112BFC96DC0039F813 /* HeartButton.swift */; };
		9135DF142BFC97070039F813 /* ProductDetailViewController.swift in Sources */ = {isa = PBXBuildFile; fileRef = 9135DF132BFC97070039F813 /* ProductDetailViewController.swift */; };
		9135DF172BFC973D0039F813 /* CartView.swift in Sources */ = {isa = PBXBuildFile; fileRef = 9135DF162BFC973D0039F813 /* CartView.swift */; };
		91A3880D2BFAA7C60050A346 /* WelcomeView.swift in Sources */ = {isa = PBXBuildFile; fileRef = 91A3880C2BFAA7C60050A346 /* WelcomeView.swift */; };
		91A3880F2BFAA85D0050A346 /* Launch Screen.storyboard in Resources */ = {isa = PBXBuildFile; fileRef = 91A3880E2BFAA85D0050A346 /* Launch Screen.storyboard */; };
		91A388142BFAB1AD0050A346 /* ScreenView.swift in Sources */ = {isa = PBXBuildFile; fileRef = 91A388132BFAB1AD0050A346 /* ScreenView.swift */; };
/* End PBXBuildFile section */

/* Begin PBXFileReference section */
		91129AEE2BFCA1440017B846 /* Cart.swift */ = {isa = PBXFileReference; lastKnownFileType = sourcecode.swift; path = Cart.swift; sourceTree = "<group>"; };
		91129AF02BFD044B0017B846 /* cart.json */ = {isa = PBXFileReference; fileEncoding = 4; lastKnownFileType = text.json; path = cart.json; sourceTree = "<group>"; };
		91129AF52BFD1B1C0017B846 /* CartCollectionView.swift */ = {isa = PBXFileReference; lastKnownFileType = sourcecode.swift; path = CartCollectionView.swift; sourceTree = "<group>"; };
		91129AF82BFD1B6F0017B846 /* LottieView.swift */ = {isa = PBXFileReference; lastKnownFileType = sourcecode.swift; path = LottieView.swift; sourceTree = "<group>"; };
		911D417D2BFA7433009DB60A /* ArbuzClone.app */ = {isa = PBXFileReference; explicitFileType = wrapper.application; includeInIndex = 0; path = ArbuzClone.app; sourceTree = BUILT_PRODUCTS_DIR; };
		911D41802BFA7433009DB60A /* ArbuzCloneApp.swift */ = {isa = PBXFileReference; lastKnownFileType = sourcecode.swift; path = ArbuzCloneApp.swift; sourceTree = "<group>"; };
		911D41842BFA7435009DB60A /* Assets.xcassets */ = {isa = PBXFileReference; lastKnownFileType = folder.assetcatalog; path = Assets.xcassets; sourceTree = "<group>"; };
		911D41872BFA7435009DB60A /* Preview Assets.xcassets */ = {isa = PBXFileReference; lastKnownFileType = folder.assetcatalog; path = "Preview Assets.xcassets"; sourceTree = "<group>"; };
		9135DEFB2BFBBED00039F813 /* MainView.swift */ = {isa = PBXFileReference; lastKnownFileType = sourcecode.swift; path = MainView.swift; sourceTree = "<group>"; };
		9135DEFD2BFBBEED0039F813 /* HomeView.swift */ = {isa = PBXFileReference; lastKnownFileType = sourcecode.swift; path = HomeView.swift; sourceTree = "<group>"; };
		9135DF002BFBC1730039F813 /* Product.swift */ = {isa = PBXFileReference; lastKnownFileType = sourcecode.swift; path = Product.swift; sourceTree = "<group>"; };
		9135DF0A2BFC962A0039F813 /* ProductCardView.swift */ = {isa = PBXFileReference; lastKnownFileType = sourcecode.swift; path = ProductCardView.swift; sourceTree = "<group>"; };
		9135DF0D2BFC96870039F813 /* ProductDetailView.swift */ = {isa = PBXFileReference; lastKnownFileType = sourcecode.swift; path = ProductDetailView.swift; sourceTree = "<group>"; };
		9135DF0F2BFC96BB0039F813 /* SearchBar.swift */ = {isa = PBXFileReference; lastKnownFileType = sourcecode.swift; path = SearchBar.swift; sourceTree = "<group>"; };
		9135DF112BFC96DC0039F813 /* HeartButton.swift */ = {isa = PBXFileReference; lastKnownFileType = sourcecode.swift; path = HeartButton.swift; sourceTree = "<group>"; };
		9135DF132BFC97070039F813 /* ProductDetailViewController.swift */ = {isa = PBXFileReference; lastKnownFileType = sourcecode.swift; path = ProductDetailViewController.swift; sourceTree = "<group>"; };
		9135DF162BFC973D0039F813 /* CartView.swift */ = {isa = PBXFileReference; lastKnownFileType = sourcecode.swift; path = CartView.swift; sourceTree = "<group>"; };
		91A3880C2BFAA7C60050A346 /* WelcomeView.swift */ = {isa = PBXFileReference; lastKnownFileType = sourcecode.swift; path = WelcomeView.swift; sourceTree = "<group>"; };
		91A3880E2BFAA85D0050A346 /* Launch Screen.storyboard */ = {isa = PBXFileReference; lastKnownFileType = file.storyboard; path = "Launch Screen.storyboard"; sourceTree = "<group>"; };
		91A388132BFAB1AD0050A346 /* ScreenView.swift */ = {isa = PBXFileReference; lastKnownFileType = sourcecode.swift; path = ScreenView.swift; sourceTree = "<group>"; };
/* End PBXFileReference section */

/* Begin PBXFrameworksBuildPhase section */
		911D417A2BFA7433009DB60A /* Frameworks */ = {
			isa = PBXFrameworksBuildPhase;
			buildActionMask = 2147483647;
			files = (
				91129AF42BFD048A0017B846 /* Lottie in Frameworks */,
			);
			runOnlyForDeploymentPostprocessing = 0;
		};
/* End PBXFrameworksBuildPhase section */

/* Begin PBXGroup section */
		91129AED2BFCA1360017B846 /* Cart */ = {
			isa = PBXGroup;
			children = (
				91129AEE2BFCA1440017B846 /* Cart.swift */,
			);
			path = Cart;
			sourceTree = "<group>";
		};
		91129AF72BFD1B610017B846 /* Lottie */ = {
			isa = PBXGroup;
			children = (
				91129AF82BFD1B6F0017B846 /* LottieView.swift */,
			);
			path = Lottie;
			sourceTree = "<group>";
		};
		911D41742BFA7433009DB60A = {
			isa = PBXGroup;
			children = (
				911D417F2BFA7433009DB60A /* ArbuzClone */,
				911D417E2BFA7433009DB60A /* Products */,
			);
			sourceTree = "<group>";
		};
		911D417E2BFA7433009DB60A /* Products */ = {
			isa = PBXGroup;
			children = (
				911D417D2BFA7433009DB60A /* ArbuzClone.app */,
			);
			name = Products;
			sourceTree = "<group>";
		};
		911D417F2BFA7433009DB60A /* ArbuzClone */ = {
			isa = PBXGroup;
			children = (
				91A3880A2BFAA5B00050A346 /* ViewModel */,
				91A388092BFAA5A40050A346 /* Model */,
				91A388082BFAA5980050A346 /* View */,
				911D41802BFA7433009DB60A /* ArbuzCloneApp.swift */,
				911D41842BFA7435009DB60A /* Assets.xcassets */,
				91129AF02BFD044B0017B846 /* cart.json */,
				911D41862BFA7435009DB60A /* Preview Content */,
				91A3880E2BFAA85D0050A346 /* Launch Screen.storyboard */,
			);
			path = ArbuzClone;
			sourceTree = "<group>";
		};
		911D41862BFA7435009DB60A /* Preview Content */ = {
			isa = PBXGroup;
			children = (
				911D41872BFA7435009DB60A /* Preview Assets.xcassets */,
			);
			path = "Preview Content";
			sourceTree = "<group>";
		};
		9135DEF92BFBBEB80039F813 /* Home */ = {
			isa = PBXGroup;
			children = (
				9135DEFD2BFBBEED0039F813 /* HomeView.swift */,
				9135DF0F2BFC96BB0039F813 /* SearchBar.swift */,
				9135DF112BFC96DC0039F813 /* HeartButton.swift */,
			);
			path = Home;
			sourceTree = "<group>";
		};
		9135DEFA2BFBBEBE0039F813 /* Main */ = {
			isa = PBXGroup;
			children = (
				9135DEFB2BFBBED00039F813 /* MainView.swift */,
			);
			path = Main;
			sourceTree = "<group>";
		};
		9135DEFF2BFBC15D0039F813 /* Home */ = {
			isa = PBXGroup;
			children = (
				9135DF002BFBC1730039F813 /* Product.swift */,
			);
			path = Home;
			sourceTree = "<group>";
		};
		9135DF082BFC96000039F813 /* BottomSheet */ = {
			isa = PBXGroup;
			children = (
				9135DF0D2BFC96870039F813 /* ProductDetailView.swift */,
				9135DF132BFC97070039F813 /* ProductDetailViewController.swift */,
			);
			path = BottomSheet;
			sourceTree = "<group>";
		};
		9135DF092BFC96140039F813 /* ProductCard */ = {
			isa = PBXGroup;
			children = (
				9135DF0A2BFC962A0039F813 /* ProductCardView.swift */,
			);
			path = ProductCard;
			sourceTree = "<group>";
		};
		9135DF152BFC972A0039F813 /* CartView */ = {
			isa = PBXGroup;
			children = (
				9135DF162BFC973D0039F813 /* CartView.swift */,
				91129AF52BFD1B1C0017B846 /* CartCollectionView.swift */,
			);
			path = CartView;
			sourceTree = "<group>";
		};
		91A388082BFAA5980050A346 /* View */ = {
			isa = PBXGroup;
			children = (
				9135DF152BFC972A0039F813 /* CartView */,
				9135DF092BFC96140039F813 /* ProductCard */,
				9135DF082BFC96000039F813 /* BottomSheet */,
				9135DEFA2BFBBEBE0039F813 /* Main */,
				9135DEF92BFBBEB80039F813 /* Home */,
				91A3880B2BFAA7B80050A346 /* Login */,
			);
			path = View;
			sourceTree = "<group>";
		};
		91A388092BFAA5A40050A346 /* Model */ = {
			isa = PBXGroup;
			children = (
				91129AF72BFD1B610017B846 /* Lottie */,
				9135DEFF2BFBC15D0039F813 /* Home */,
				91A388102BFAB0F80050A346 /* Login */,
			);
			path = Model;
			sourceTree = "<group>";
		};
		91A3880A2BFAA5B00050A346 /* ViewModel */ = {
			isa = PBXGroup;
			children = (
				91129AED2BFCA1360017B846 /* Cart */,
			);
			path = ViewModel;
			sourceTree = "<group>";
		};
		91A3880B2BFAA7B80050A346 /* Login */ = {
			isa = PBXGroup;
			children = (
				91A3880C2BFAA7C60050A346 /* WelcomeView.swift */,
				91A388132BFAB1AD0050A346 /* ScreenView.swift */,
			);
			path = Login;
			sourceTree = "<group>";
		};
		91A388102BFAB0F80050A346 /* Login */ = {
			isa = PBXGroup;
			children = (
			);
			path = Login;
			sourceTree = "<group>";
		};
/* End PBXGroup section */

/* Begin PBXNativeTarget section */
		911D417C2BFA7433009DB60A /* ArbuzClone */ = {
			isa = PBXNativeTarget;
			buildConfigurationList = 911D418B2BFA7435009DB60A /* Build configuration list for PBXNativeTarget "ArbuzClone" */;
			buildPhases = (
				911D41792BFA7433009DB60A /* Sources */,
				911D417A2BFA7433009DB60A /* Frameworks */,
				911D417B2BFA7433009DB60A /* Resources */,
			);
			buildRules = (
			);
			dependencies = (
			);
			name = ArbuzClone;
			packageProductDependencies = (
				91129AF32BFD048A0017B846 /* Lottie */,
			);
			productName = ArbuzClone;
			productReference = 911D417D2BFA7433009DB60A /* ArbuzClone.app */;
			productType = "com.apple.product-type.application";
		};
/* End PBXNativeTarget section */

/* Begin PBXProject section */
		911D41752BFA7433009DB60A /* Project object */ = {
			isa = PBXProject;
			attributes = {
				BuildIndependentTargetsInParallel = 1;
				LastSwiftUpdateCheck = 1530;
				LastUpgradeCheck = 1530;
				TargetAttributes = {
					911D417C2BFA7433009DB60A = {
						CreatedOnToolsVersion = 15.3;
					};
				};
			};
			buildConfigurationList = 911D41782BFA7433009DB60A /* Build configuration list for PBXProject "ArbuzClone" */;
			compatibilityVersion = "Xcode 14.0";
			developmentRegion = en;
			hasScannedForEncodings = 0;
			knownRegions = (
				en,
				Base,
			);
			mainGroup = 911D41742BFA7433009DB60A;
			packageReferences = (
				91129AF22BFD048A0017B846 /* XCRemoteSwiftPackageReference "lottie-ios" */,
			);
			productRefGroup = 911D417E2BFA7433009DB60A /* Products */;
			projectDirPath = "";
			projectRoot = "";
			targets = (
				911D417C2BFA7433009DB60A /* ArbuzClone */,
			);
		};
/* End PBXProject section */

/* Begin PBXResourcesBuildPhase section */
		911D417B2BFA7433009DB60A /* Resources */ = {
			isa = PBXResourcesBuildPhase;
			buildActionMask = 2147483647;
			files = (
				91A3880F2BFAA85D0050A346 /* Launch Screen.storyboard in Resources */,
				911D41882BFA7435009DB60A /* Preview Assets.xcassets in Resources */,
				911D41852BFA7435009DB60A /* Assets.xcassets in Resources */,
				91129AF12BFD044B0017B846 /* cart.json in Resources */,
			);
			runOnlyForDeploymentPostprocessing = 0;
		};
/* End PBXResourcesBuildPhase section */

/* Begin PBXSourcesBuildPhase section */
		911D41792BFA7433009DB60A /* Sources */ = {
			isa = PBXSourcesBuildPhase;
			buildActionMask = 2147483647;
			files = (
				9135DF122BFC96DC0039F813 /* HeartButton.swift in Sources */,
				911D41812BFA7433009DB60A /* ArbuzCloneApp.swift in Sources */,
				91129AF92BFD1B6F0017B846 /* LottieView.swift in Sources */,
				91129AF62BFD1B1C0017B846 /* CartCollectionView.swift in Sources */,
				9135DF0E2BFC96870039F813 /* ProductDetailView.swift in Sources */,
				91129AEF2BFCA1440017B846 /* Cart.swift in Sources */,
				9135DEFC2BFBBED00039F813 /* MainView.swift in Sources */,
				91A388142BFAB1AD0050A346 /* ScreenView.swift in Sources */,
				9135DEFE2BFBBEED0039F813 /* HomeView.swift in Sources */,
				9135DF172BFC973D0039F813 /* CartView.swift in Sources */,
				9135DF102BFC96BB0039F813 /* SearchBar.swift in Sources */,
				9135DF142BFC97070039F813 /* ProductDetailViewController.swift in Sources */,
				91A3880D2BFAA7C60050A346 /* WelcomeView.swift in Sources */,
				9135DF012BFBC1730039F813 /* Product.swift in Sources */,
				9135DF0B2BFC962A0039F813 /* ProductCardView.swift in Sources */,
			);
			runOnlyForDeploymentPostprocessing = 0;
		};
/* End PBXSourcesBuildPhase section */

/* Begin XCBuildConfiguration section */
		911D41892BFA7435009DB60A /* Debug */ = {
			isa = XCBuildConfiguration;
			buildSettings = {
				ALWAYS_SEARCH_USER_PATHS = NO;
				ASSETCATALOG_COMPILER_GENERATE_SWIFT_ASSET_SYMBOL_EXTENSIONS = YES;
				CLANG_ANALYZER_NONNULL = YES;
				CLANG_ANALYZER_NUMBER_OBJECT_CONVERSION = YES_AGGRESSIVE;
				CLANG_CXX_LANGUAGE_STANDARD = "gnu++20";
				CLANG_ENABLE_MODULES = YES;
				CLANG_ENABLE_OBJC_ARC = YES;
				CLANG_ENABLE_OBJC_WEAK = YES;
				CLANG_WARN_BLOCK_CAPTURE_AUTORELEASING = YES;
				CLANG_WARN_BOOL_CONVERSION = YES;
				CLANG_WARN_COMMA = YES;
				CLANG_WARN_CONSTANT_CONVERSION = YES;
				CLANG_WARN_DEPRECATED_OBJC_IMPLEMENTATIONS = YES;
				CLANG_WARN_DIRECT_OBJC_ISA_USAGE = YES_ERROR;
				CLANG_WARN_DOCUMENTATION_COMMENTS = YES;
				CLANG_WARN_EMPTY_BODY = YES;
				CLANG_WARN_ENUM_CONVERSION = YES;
				CLANG_WARN_INFINITE_RECURSION = YES;
				CLANG_WARN_INT_CONVERSION = YES;
				CLANG_WARN_NON_LITERAL_NULL_CONVERSION = YES;
				CLANG_WARN_OBJC_IMPLICIT_RETAIN_SELF = YES;
				CLANG_WARN_OBJC_LITERAL_CONVERSION = YES;
				CLANG_WARN_OBJC_ROOT_CLASS = YES_ERROR;
				CLANG_WARN_QUOTED_INCLUDE_IN_FRAMEWORK_HEADER = YES;
				CLANG_WARN_RANGE_LOOP_ANALYSIS = YES;
				CLANG_WARN_STRICT_PROTOTYPES = YES;
				CLANG_WARN_SUSPICIOUS_MOVE = YES;
				CLANG_WARN_UNGUARDED_AVAILABILITY = YES_AGGRESSIVE;
				CLANG_WARN_UNREACHABLE_CODE = YES;
				CLANG_WARN__DUPLICATE_METHOD_MATCH = YES;
				COPY_PHASE_STRIP = NO;
				DEBUG_INFORMATION_FORMAT = dwarf;
				ENABLE_STRICT_OBJC_MSGSEND = YES;
				ENABLE_TESTABILITY = YES;
				ENABLE_USER_SCRIPT_SANDBOXING = YES;
				GCC_C_LANGUAGE_STANDARD = gnu17;
				GCC_DYNAMIC_NO_PIC = NO;
				GCC_NO_COMMON_BLOCKS = YES;
				GCC_OPTIMIZATION_LEVEL = 0;
				GCC_PREPROCESSOR_DEFINITIONS = (
					"DEBUG=1",
					"$(inherited)",
				);
				GCC_WARN_64_TO_32_BIT_CONVERSION = YES;
				GCC_WARN_ABOUT_RETURN_TYPE = YES_ERROR;
				GCC_WARN_UNDECLARED_SELECTOR = YES;
				GCC_WARN_UNINITIALIZED_AUTOS = YES_AGGRESSIVE;
				GCC_WARN_UNUSED_FUNCTION = YES;
				GCC_WARN_UNUSED_VARIABLE = YES;
				IPHONEOS_DEPLOYMENT_TARGET = 14.0;
				LOCALIZATION_PREFERS_STRING_CATALOGS = YES;
				MTL_ENABLE_DEBUG_INFO = INCLUDE_SOURCE;
				MTL_FAST_MATH = YES;
				ONLY_ACTIVE_ARCH = YES;
				SDKROOT = iphoneos;
				SWIFT_ACTIVE_COMPILATION_CONDITIONS = "DEBUG $(inherited)";
				SWIFT_OPTIMIZATION_LEVEL = "-Onone";
			};
			name = Debug;
		};
		911D418A2BFA7435009DB60A /* Release */ = {
			isa = XCBuildConfiguration;
			buildSettings = {
				ALWAYS_SEARCH_USER_PATHS = NO;
				ASSETCATALOG_COMPILER_GENERATE_SWIFT_ASSET_SYMBOL_EXTENSIONS = YES;
				CLANG_ANALYZER_NONNULL = YES;
				CLANG_ANALYZER_NUMBER_OBJECT_CONVERSION = YES_AGGRESSIVE;
				CLANG_CXX_LANGUAGE_STANDARD = "gnu++20";
				CLANG_ENABLE_MODULES = YES;
				CLANG_ENABLE_OBJC_ARC = YES;
				CLANG_ENABLE_OBJC_WEAK = YES;
				CLANG_WARN_BLOCK_CAPTURE_AUTORELEASING = YES;
				CLANG_WARN_BOOL_CONVERSION = YES;
				CLANG_WARN_COMMA = YES;
				CLANG_WARN_CONSTANT_CONVERSION = YES;
				CLANG_WARN_DEPRECATED_OBJC_IMPLEMENTATIONS = YES;
				CLANG_WARN_DIRECT_OBJC_ISA_USAGE = YES_ERROR;
				CLANG_WARN_DOCUMENTATION_COMMENTS = YES;
				CLANG_WARN_EMPTY_BODY = YES;
				CLANG_WARN_ENUM_CONVERSION = YES;
				CLANG_WARN_INFINITE_RECURSION = YES;
				CLANG_WARN_INT_CONVERSION = YES;
				CLANG_WARN_NON_LITERAL_NULL_CONVERSION = YES;
				CLANG_WARN_OBJC_IMPLICIT_RETAIN_SELF = YES;
				CLANG_WARN_OBJC_LITERAL_CONVERSION = YES;
				CLANG_WARN_OBJC_ROOT_CLASS = YES_ERROR;
				CLANG_WARN_QUOTED_INCLUDE_IN_FRAMEWORK_HEADER = YES;
				CLANG_WARN_RANGE_LOOP_ANALYSIS = YES;
				CLANG_WARN_STRICT_PROTOTYPES = YES;
				CLANG_WARN_SUSPICIOUS_MOVE = YES;
				CLANG_WARN_UNGUARDED_AVAILABILITY = YES_AGGRESSIVE;
				CLANG_WARN_UNREACHABLE_CODE = YES;
				CLANG_WARN__DUPLICATE_METHOD_MATCH = YES;
				COPY_PHASE_STRIP = NO;
				DEBUG_INFORMATION_FORMAT = "dwarf-with-dsym";
				ENABLE_NS_ASSERTIONS = NO;
				ENABLE_STRICT_OBJC_MSGSEND = YES;
				ENABLE_USER_SCRIPT_SANDBOXING = YES;
				GCC_C_LANGUAGE_STANDARD = gnu17;
				GCC_NO_COMMON_BLOCKS = YES;
				GCC_WARN_64_TO_32_BIT_CONVERSION = YES;
				GCC_WARN_ABOUT_RETURN_TYPE = YES_ERROR;
				GCC_WARN_UNDECLARED_SELECTOR = YES;
				GCC_WARN_UNINITIALIZED_AUTOS = YES_AGGRESSIVE;
				GCC_WARN_UNUSED_FUNCTION = YES;
				GCC_WARN_UNUSED_VARIABLE = YES;
				IPHONEOS_DEPLOYMENT_TARGET = 14.0;
				LOCALIZATION_PREFERS_STRING_CATALOGS = YES;
				MTL_ENABLE_DEBUG_INFO = NO;
				MTL_FAST_MATH = YES;
				SDKROOT = iphoneos;
				SWIFT_COMPILATION_MODE = wholemodule;
				VALIDATE_PRODUCT = YES;
			};
			name = Release;
		};
		911D418C2BFA7435009DB60A /* Debug */ = {
			isa = XCBuildConfiguration;
			buildSettings = {
				ASSETCATALOG_COMPILER_APPICON_NAME = AppIcon;
				ASSETCATALOG_COMPILER_GLOBAL_ACCENT_COLOR_NAME = AccentColor;
				CODE_SIGN_STYLE = Automatic;
				CURRENT_PROJECT_VERSION = 1;
				DEVELOPMENT_ASSET_PATHS = "\"ArbuzClone/Preview Content\"";
				DEVELOPMENT_TEAM = RJ5RZ5P5SY;
				ENABLE_PREVIEWS = YES;
				GENERATE_INFOPLIST_FILE = YES;
				INFOPLIST_KEY_UIApplicationSceneManifest_Generation = YES;
				INFOPLIST_KEY_UIApplicationSupportsIndirectInputEvents = YES;
				INFOPLIST_KEY_UILaunchScreen_Generation = YES;
				INFOPLIST_KEY_UILaunchStoryboardName = "Launch Screen.storyboard";
				INFOPLIST_KEY_UIStatusBarHidden = YES;
				INFOPLIST_KEY_UISupportedInterfaceOrientations = UIInterfaceOrientationPortrait;
				INFOPLIST_KEY_UISupportedInterfaceOrientations_iPad = "UIInterfaceOrientationLandscapeLeft UIInterfaceOrientationLandscapeRight UIInterfaceOrientationPortrait UIInterfaceOrientationPortraitUpsideDown";
				IPHONEOS_DEPLOYMENT_TARGET = 14.0;
				LD_RUNPATH_SEARCH_PATHS = (
					"$(inherited)",
					"@executable_path/Frameworks",
				);
				MARKETING_VERSION = 1.0;
				PRODUCT_BUNDLE_IDENTIFIER = rauan.ArbuzClone;
				PRODUCT_NAME = "$(TARGET_NAME)";
				SUPPORTED_PLATFORMS = "iphoneos iphonesimulator";
				SUPPORTS_MACCATALYST = NO;
				SUPPORTS_MAC_DESIGNED_FOR_IPHONE_IPAD = NO;
				SUPPORTS_XR_DESIGNED_FOR_IPHONE_IPAD = NO;
				SWIFT_EMIT_LOC_STRINGS = YES;
				SWIFT_VERSION = 5.0;
				TARGETED_DEVICE_FAMILY = 1;
			};
			name = Debug;
		};
		911D418D2BFA7435009DB60A /* Release */ = {
			isa = XCBuildConfiguration;
			buildSettings = {
				ASSETCATALOG_COMPILER_APPICON_NAME = AppIcon;
				ASSETCATALOG_COMPILER_GLOBAL_ACCENT_COLOR_NAME = AccentColor;
				CODE_SIGN_STYLE = Automatic;
				CURRENT_PROJECT_VERSION = 1;
				DEVELOPMENT_ASSET_PATHS = "\"ArbuzClone/Preview Content\"";
				DEVELOPMENT_TEAM = RJ5RZ5P5SY;
				ENABLE_PREVIEWS = YES;
				GENERATE_INFOPLIST_FILE = YES;
				INFOPLIST_KEY_UIApplicationSceneManifest_Generation = YES;
				INFOPLIST_KEY_UIApplicationSupportsIndirectInputEvents = YES;
				INFOPLIST_KEY_UILaunchScreen_Generation = YES;
				INFOPLIST_KEY_UILaunchStoryboardName = "Launch Screen.storyboard";
				INFOPLIST_KEY_UIStatusBarHidden = YES;
				INFOPLIST_KEY_UISupportedInterfaceOrientations = UIInterfaceOrientationPortrait;
				INFOPLIST_KEY_UISupportedInterfaceOrientations_iPad = "UIInterfaceOrientationLandscapeLeft UIInterfaceOrientationLandscapeRight UIInterfaceOrientationPortrait UIInterfaceOrientationPortraitUpsideDown";
				IPHONEOS_DEPLOYMENT_TARGET = 14.0;
				LD_RUNPATH_SEARCH_PATHS = (
					"$(inherited)",
					"@executable_path/Frameworks",
				);
				MARKETING_VERSION = 1.0;
				PRODUCT_BUNDLE_IDENTIFIER = rauan.ArbuzClone;
				PRODUCT_NAME = "$(TARGET_NAME)";
				SUPPORTED_PLATFORMS = "iphoneos iphonesimulator";
				SUPPORTS_MACCATALYST = NO;
				SUPPORTS_MAC_DESIGNED_FOR_IPHONE_IPAD = NO;
				SUPPORTS_XR_DESIGNED_FOR_IPHONE_IPAD = NO;
				SWIFT_EMIT_LOC_STRINGS = YES;
				SWIFT_VERSION = 5.0;
				TARGETED_DEVICE_FAMILY = 1;
			};
			name = Release;
		};
/* End XCBuildConfiguration section */

/* Begin XCConfigurationList section */
		911D41782BFA7433009DB60A /* Build configuration list for PBXProject "ArbuzClone" */ = {
			isa = XCConfigurationList;
			buildConfigurations = (
				911D41892BFA7435009DB60A /* Debug */,
				911D418A2BFA7435009DB60A /* Release */,
			);
			defaultConfigurationIsVisible = 0;
			defaultConfigurationName = Release;
		};
		911D418B2BFA7435009DB60A /* Build configuration list for PBXNativeTarget "ArbuzClone" */ = {
			isa = XCConfigurationList;
			buildConfigurations = (
				911D418C2BFA7435009DB60A /* Debug */,
				911D418D2BFA7435009DB60A /* Release */,
			);
			defaultConfigurationIsVisible = 0;
			defaultConfigurationName = Release;
		};
/* End XCConfigurationList section */

/* Begin XCRemoteSwiftPackageReference section */
		91129AF22BFD048A0017B846 /* XCRemoteSwiftPackageReference "lottie-ios" */ = {
			isa = XCRemoteSwiftPackageReference;
			repositoryURL = "https://github.com/airbnb/lottie-ios.git";
			requirement = {
				kind = upToNextMajorVersion;
				minimumVersion = 4.4.3;
			};
		};
/* End XCRemoteSwiftPackageReference section */

/* Begin XCSwiftPackageProductDependency section */
		91129AF32BFD048A0017B846 /* Lottie */ = {
			isa = XCSwiftPackageProductDependency;
			package = 91129AF22BFD048A0017B846 /* XCRemoteSwiftPackageReference "lottie-ios" */;
			productName = Lottie;
		};
/* End XCSwiftPackageProductDependency section */
	};
	rootObject = 911D41752BFA7433009DB60A /* Project object */;
}
